
Microsoft Visual Studio Solution File, Format Version 12.00
# Visual Studio 15
VisualStudioVersion = 15.0.27703.2000
MinimumVisualStudioVersion = 10.0.40219.1
Project("{FAE04EC0-301F-11D3-BF4B-00C04F79EFBC}") = "BetSquad", "BetSquad\BetSquad.csproj", "{97D5C06C-A27D-4CBF-A243-09E24209FE23}"
EndProject
Project("{FAE04EC0-301F-11D3-BF4B-00C04F79EFBC}") = "BetSquad.Core", "BetSquad.Core\BetSquad.Core.csproj", "{FE770D95-7467-4A5E-B940-08711D3A19D0}"
EndProject
Project("{FAE04EC0-301F-11D3-BF4B-00C04F79EFBC}") = "BetSquad.Infrastructure", "BetSquad.Infrastructure\BetSquad.Infrastructure.csproj", "{FD02AAB2-1CF0-4BBA-8702-A4AC475FD413}"
EndProject
Global
	GlobalSection(SolutionConfigurationPlatforms) = preSolution
		Debug|Any CPU = Debug|Any CPU
		Release|Any CPU = Release|Any CPU
	EndGlobalSection
	GlobalSection(ProjectConfigurationPlatforms) = postSolution
		{97D5C06C-A27D-4CBF-A243-09E24209FE23}.Debug|Any CPU.ActiveCfg = Debug|Any CPU
		{97D5C06C-A27D-4CBF-A243-09E24209FE23}.Debug|Any CPU.Build.0 = Debug|Any CPU
		{97D5C06C-A27D-4CBF-A243-09E24209FE23}.Release|Any CPU.ActiveCfg = Release|Any CPU
		{97D5C06C-A27D-4CBF-A243-09E24209FE23}.Release|Any CPU.Build.0 = Release|Any CPU
		{FE770D95-7467-4A5E-B940-08711D3A19D0}.Debug|Any CPU.ActiveCfg = Debug|Any CPU
		{FE770D95-7467-4A5E-B940-08711D3A19D0}.Debug|Any CPU.Build.0 = Debug|Any CPU
		{FE770D95-7467-4A5E-B940-08711D3A19D0}.Release|Any CPU.ActiveCfg = Release|Any CPU
		{FE770D95-7467-4A5E-B940-08711D3A19D0}.Release|Any CPU.Build.0 = Release|Any CPU
		{FD02AAB2-1CF0-4BBA-8702-A4AC475FD413}.Debug|Any CPU.ActiveCfg = Debug|Any CPU
		{FD02AAB2-1CF0-4BBA-8702-A4AC475FD413}.Debug|Any CPU.Build.0 = Debug|Any CPU
		{FD02AAB2-1CF0-4BBA-8702-A4AC475FD413}.Release|Any CPU.ActiveCfg = Release|Any CPU
		{FD02AAB2-1CF0-4BBA-8702-A4AC475FD413}.Release|Any CPU.Build.0 = Release|Any CPU
	EndGlobalSection
	GlobalSection(SolutionProperties) = preSolution
		HideSolutionNode = FALSE
	EndGlobalSection
	GlobalSection(ExtensibilityGlobals) = postSolution
		SolutionGuid = {494A05D3-092B-46C1-9CA2-76625EB60E6C}
	EndGlobalSection
EndGlobal
